
Microsoft Visual Studio Solution File, Format Version 12.00
# Visual Studio Version 16
VisualStudioVersion = 16.0.31313.79
MinimumVisualStudioVersion = 10.0.40219.1
Project("{FAE04EC0-301F-11D3-BF4B-00C04F79EFBC}") = "StartupExplorer", "StartupExplorer\StartupExplorer.csproj", "{19913151-8E91-4FBC-93E5-19129FDECE95}"
EndProject
Global
	GlobalSection(SolutionConfigurationPlatforms) = preSolution
		Debug|Any CPU = Debug|Any CPU
		Release|Any CPU = Release|Any CPU
	EndGlobalSection
	GlobalSection(ProjectConfigurationPlatforms) = postSolution
		{19913151-8E91-4FBC-93E5-19129FDECE95}.Debug|Any CPU.ActiveCfg = Debug|Any CPU
		{19913151-8E91-4FBC-93E5-19129FDECE95}.Debug|Any CPU.Build.0 = Debug|Any CPU
		{19913151-8E91-4FBC-93E5-19129FDECE95}.Release|Any CPU.ActiveCfg = Release|Any CPU
		{19913151-8E91-4FBC-93E5-19129FDECE95}.Release|Any CPU.Build.0 = Release|Any CPU
	EndGlobalSection
	GlobalSection(SolutionProperties) = preSolution
		HideSolutionNode = FALSE
	EndGlobalSection
	GlobalSection(ExtensibilityGlobals) = postSolution
		SolutionGuid = {D8BC8916-BCF9-4538-81A8-AB0D8B011709}
	EndGlobalSection
EndGlobal
